<?xml version="1.0" encoding="UTF-8" standalone="yes" ?>
<CodeBlocks_project_file>
	<FileVersion major="1" minor="6" />
	<Project>
		<Option title="car_game" />
		<Option pch_mode="2" />
		<Option compiler="gcc" />
		<Build>
			<Target title="Debug">
				<Option output="bin/Debug/car_game" prefix_auto="1" extension_auto="1" />
				<Option object_output="obj/Debug/" />
				<Option type="1" />
				<Option compiler="gcc" />
				<Compiler>
					<Add option="-g" />
					<Add directory="../../../Downloads/SDL2-2.0.14/x86_64-w64-mingw32/include/SDL2" />
					<Add directory="../../../Downloads/SDL2_image-2.0.5/x86_64-w64-mingw32/include/SDL2" />
					<Add directory="../../../Downloads/SDL2_mixer-2.0.4/x86_64-w64-mingw32/include/SDL2" />
					<Add directory="include" />
					<Add directory="../car_game" />
				</Compiler>
				<Linker>
					<Add option="-lmingw32 -lSDL2main -lSDL2 -lSDL2_image -lSDL2_ttf -lSDL2_mixer" />
					<Add directory="../../../Downloads/SDL2-2.0.14/x86_64-w64-mingw32/lib" />
					<Add directory="../../../Downloads/SDL2_image-2.0.5/x86_64-w64-mingw32/lib" />
					<Add directory="../../../Downloads/SDL2_mixer-2.0.4/x86_64-w64-mingw32/lib" />
				</Linker>
			</Target>
			<Target title="Release">
				<Option output="bin/Release/car_game" prefix_auto="1" extension_auto="1" />
				<Option object_output="obj/Release/" />
				<Option type="0" />
				<Option compiler="gcc" />
				<Compiler>
					<Add option="-O2" />
					<Add directory="include" />
					<Add directory="../car_game" />
				</Compiler>
				<Linker>
					<Add option="-s" />
				</Linker>
			</Target>
		</Build>
		<Compiler>
			<Add option="-Wall" />
			<Add directory="C:/Users/hoaiv/Downloads/SDL2-2.0.14/x86_64-w64-mingw32/include" />
		</Compiler>
		<Linker>
			<Add library="mingw32" />
			<Add library="SDL2main" />
			<Add library="SDL2.dll" />
			<Add library="user32" />
			<Add library="gdi32" />
			<Add library="winmm" />
			<Add library="dxguid" />
			<Add directory="C:/Users/hoaiv/Downloads/SDL2-2.0.14/x86_64-w64-mingw32/lib" />
		</Linker>
		<ExtraCommands>
			<Add after="XCOPY $(#sdl2)\bin\*.dll $(TARGET_OUTPUT_DIR) /D /Y" />
		</ExtraCommands>
		<Unit filename="Button.cpp" />
		<Unit filename="Button.h" />
		<Unit filename="CommonFunc.cpp" />
		<Unit filename="CommonFunc.h" />
		<Unit filename="Global.cpp" />
		<Unit filename="Global.h" />
		<Unit filename="Player.cpp" />
		<Unit filename="Player.h" />
		<Unit filename="Threat.cpp" />
		<Unit filename="Threat.h" />
		<Unit filename="main.cpp" />
		<Extensions />
	</Project>
</CodeBlocks_project_file>
